
Microsoft Visual Studio Solution File, Format Version 11.00
# Visual C++ Express 2010
Project("{8BC9CEB8-8B4A-11D0-8D11-00A0C91BC942}") = "SFGE", "SFGE\SFGE.vcxproj", "{7FD884D4-88EC-49E8-9172-8F5CF715AB2E}"
EndProject
Project("{8BC9CEB8-8B4A-11D0-8D11-00A0C91BC942}") = "samplePointlights", "samples\pointlights\samplePointlights.vcxproj", "{CE8F6513-9729-4B77-A0E5-04E54EEB946D}"
	ProjectSection(ProjectDependencies) = postProject
		{7FD884D4-88EC-49E8-9172-8F5CF715AB2E} = {7FD884D4-88EC-49E8-9172-8F5CF715AB2E}
	EndProjectSection
EndProject
Project("{8BC9CEB8-8B4A-11D0-8D11-00A0C91BC942}") = "sampleBasicGameStructure", "samples\sampleBasicGameStructure\sampleBasicGameStructure.vcxproj", "{BF338B1F-990A-4C10-B1C3-CA588FB9ED1E}"
	ProjectSection(ProjectDependencies) = postProject
		{7FD884D4-88EC-49E8-9172-8F5CF715AB2E} = {7FD884D4-88EC-49E8-9172-8F5CF715AB2E}
	EndProjectSection
EndProject
Project("{8BC9CEB8-8B4A-11D0-8D11-00A0C91BC942}") = "sampleBasicGameStructureFromFile", "samples\sampleBasicGameStructureFromFile\sampleBasicGameStructureFromFile.vcxproj", "{F4C2AF35-70A3-4F60-809A-0F2AC8FE8623}"
	ProjectSection(ProjectDependencies) = postProject
		{7FD884D4-88EC-49E8-9172-8F5CF715AB2E} = {7FD884D4-88EC-49E8-9172-8F5CF715AB2E}
	EndProjectSection
EndProject
Project("{8BC9CEB8-8B4A-11D0-8D11-00A0C91BC942}") = "sampleSolarSystem", "samples\sampleSolarSystem\sampleSolarSystem.vcxproj", "{F7F0B633-4933-4E04-A9EA-00F0D08CEAF1}"
	ProjectSection(ProjectDependencies) = postProject
		{7FD884D4-88EC-49E8-9172-8F5CF715AB2E} = {7FD884D4-88EC-49E8-9172-8F5CF715AB2E}
	EndProjectSection
EndProject
Project("{8BC9CEB8-8B4A-11D0-8D11-00A0C91BC942}") = "sampleSpriteAnimation", "samples\sampleSpriteAnimation\sampleSpriteAnimation.vcxproj", "{01B5084A-440F-4052-AA02-02B4B6C23490}"
	ProjectSection(ProjectDependencies) = postProject
		{7FD884D4-88EC-49E8-9172-8F5CF715AB2E} = {7FD884D4-88EC-49E8-9172-8F5CF715AB2E}
	EndProjectSection
EndProject
Project("{8BC9CEB8-8B4A-11D0-8D11-00A0C91BC942}") = "Editor", "Editor\Editor.vcxproj", "{8EEF7F90-CB85-4E5A-A3A1-02E9EA315E88}"
	ProjectSection(ProjectDependencies) = postProject
		{7FD884D4-88EC-49E8-9172-8F5CF715AB2E} = {7FD884D4-88EC-49E8-9172-8F5CF715AB2E}
	EndProjectSection
EndProject
Global
	GlobalSection(SolutionConfigurationPlatforms) = preSolution
		Debug|Win32 = Debug|Win32
		Release|Win32 = Release|Win32
		ReleaseWDebugInfo|Win32 = ReleaseWDebugInfo|Win32
	EndGlobalSection
	GlobalSection(ProjectConfigurationPlatforms) = postSolution
		{7FD884D4-88EC-49E8-9172-8F5CF715AB2E}.Debug|Win32.ActiveCfg = Debug|Win32
		{7FD884D4-88EC-49E8-9172-8F5CF715AB2E}.Debug|Win32.Build.0 = Debug|Win32
		{7FD884D4-88EC-49E8-9172-8F5CF715AB2E}.Release|Win32.ActiveCfg = Release|Win32
		{7FD884D4-88EC-49E8-9172-8F5CF715AB2E}.Release|Win32.Build.0 = Release|Win32
		{7FD884D4-88EC-49E8-9172-8F5CF715AB2E}.ReleaseWDebugInfo|Win32.ActiveCfg = ReleaseWDebugInfo|Win32
		{7FD884D4-88EC-49E8-9172-8F5CF715AB2E}.ReleaseWDebugInfo|Win32.Build.0 = ReleaseWDebugInfo|Win32
		{CE8F6513-9729-4B77-A0E5-04E54EEB946D}.Debug|Win32.ActiveCfg = Debug|Win32
		{CE8F6513-9729-4B77-A0E5-04E54EEB946D}.Debug|Win32.Build.0 = Debug|Win32
		{CE8F6513-9729-4B77-A0E5-04E54EEB946D}.Release|Win32.ActiveCfg = Release|Win32
		{CE8F6513-9729-4B77-A0E5-04E54EEB946D}.Release|Win32.Build.0 = Release|Win32
		{CE8F6513-9729-4B77-A0E5-04E54EEB946D}.ReleaseWDebugInfo|Win32.ActiveCfg = ReleaseWDebugInfo|Win32
		{CE8F6513-9729-4B77-A0E5-04E54EEB946D}.ReleaseWDebugInfo|Win32.Build.0 = ReleaseWDebugInfo|Win32
		{BF338B1F-990A-4C10-B1C3-CA588FB9ED1E}.Debug|Win32.ActiveCfg = Debug|Win32
		{BF338B1F-990A-4C10-B1C3-CA588FB9ED1E}.Debug|Win32.Build.0 = Debug|Win32
		{BF338B1F-990A-4C10-B1C3-CA588FB9ED1E}.Release|Win32.ActiveCfg = Release|Win32
		{BF338B1F-990A-4C10-B1C3-CA588FB9ED1E}.Release|Win32.Build.0 = Release|Win32
		{BF338B1F-990A-4C10-B1C3-CA588FB9ED1E}.ReleaseWDebugInfo|Win32.ActiveCfg = ReleaseWDebugInfo|Win32
		{BF338B1F-990A-4C10-B1C3-CA588FB9ED1E}.ReleaseWDebugInfo|Win32.Build.0 = ReleaseWDebugInfo|Win32
		{F4C2AF35-70A3-4F60-809A-0F2AC8FE8623}.Debug|Win32.ActiveCfg = Debug|Win32
		{F4C2AF35-70A3-4F60-809A-0F2AC8FE8623}.Debug|Win32.Build.0 = Debug|Win32
		{F4C2AF35-70A3-4F60-809A-0F2AC8FE8623}.Release|Win32.ActiveCfg = Release|Win32
		{F4C2AF35-70A3-4F60-809A-0F2AC8FE8623}.Release|Win32.Build.0 = Release|Win32
		{F4C2AF35-70A3-4F60-809A-0F2AC8FE8623}.ReleaseWDebugInfo|Win32.ActiveCfg = Release|Win32
		{F4C2AF35-70A3-4F60-809A-0F2AC8FE8623}.ReleaseWDebugInfo|Win32.Build.0 = Release|Win32
		{F7F0B633-4933-4E04-A9EA-00F0D08CEAF1}.Debug|Win32.ActiveCfg = Debug|Win32
		{F7F0B633-4933-4E04-A9EA-00F0D08CEAF1}.Debug|Win32.Build.0 = Debug|Win32
		{F7F0B633-4933-4E04-A9EA-00F0D08CEAF1}.Release|Win32.ActiveCfg = Release|Win32
		{F7F0B633-4933-4E04-A9EA-00F0D08CEAF1}.Release|Win32.Build.0 = Release|Win32
		{F7F0B633-4933-4E04-A9EA-00F0D08CEAF1}.ReleaseWDebugInfo|Win32.ActiveCfg = Release|Win32
		{F7F0B633-4933-4E04-A9EA-00F0D08CEAF1}.ReleaseWDebugInfo|Win32.Build.0 = Release|Win32
		{01B5084A-440F-4052-AA02-02B4B6C23490}.Debug|Win32.ActiveCfg = Debug|Win32
		{01B5084A-440F-4052-AA02-02B4B6C23490}.Debug|Win32.Build.0 = Debug|Win32
		{01B5084A-440F-4052-AA02-02B4B6C23490}.Release|Win32.ActiveCfg = Release|Win32
		{01B5084A-440F-4052-AA02-02B4B6C23490}.Release|Win32.Build.0 = Release|Win32
		{01B5084A-440F-4052-AA02-02B4B6C23490}.ReleaseWDebugInfo|Win32.ActiveCfg = Release|Win32
		{01B5084A-440F-4052-AA02-02B4B6C23490}.ReleaseWDebugInfo|Win32.Build.0 = Release|Win32
		{8EEF7F90-CB85-4E5A-A3A1-02E9EA315E88}.Debug|Win32.ActiveCfg = Debug|Win32
		{8EEF7F90-CB85-4E5A-A3A1-02E9EA315E88}.Debug|Win32.Build.0 = Debug|Win32
		{8EEF7F90-CB85-4E5A-A3A1-02E9EA315E88}.Release|Win32.ActiveCfg = Release|Win32
		{8EEF7F90-CB85-4E5A-A3A1-02E9EA315E88}.Release|Win32.Build.0 = Release|Win32
		{8EEF7F90-CB85-4E5A-A3A1-02E9EA315E88}.ReleaseWDebugInfo|Win32.ActiveCfg = Release|Win32
		{8EEF7F90-CB85-4E5A-A3A1-02E9EA315E88}.ReleaseWDebugInfo|Win32.Build.0 = Release|Win32
	EndGlobalSection
	GlobalSection(SolutionProperties) = preSolution
		HideSolutionNode = FALSE
	EndGlobalSection
EndGlobal
