
Microsoft Visual Studio Solution File, Format Version 11.00
# Visual C++ Express 2010
Project("{8BC9CEB8-8B4A-11D0-8D11-00A0C91BC942}") = "SFGE", "SFGE\SFGE.vcxproj", "{7FD884D4-88EC-49E8-9172-8F5CF715AB2E}"
EndProject
Project("{8BC9CEB8-8B4A-11D0-8D11-00A0C91BC942}") = "samplePointlights", "samples\pointlights\samplePointlights.vcxproj", "{CE8F6513-9729-4B77-A0E5-04E54EEB946D}"
	ProjectSection(ProjectDependencies) = postProject
		{7FD884D4-88EC-49E8-9172-8F5CF715AB2E} = {7FD884D4-88EC-49E8-9172-8F5CF715AB2E}
	EndProjectSection
EndProject
Global
	GlobalSection(SolutionConfigurationPlatforms) = preSolution
		Debug|Win32 = Debug|Win32
		Release|Win32 = Release|Win32
	EndGlobalSection
	GlobalSection(ProjectConfigurationPlatforms) = postSolution
		{7FD884D4-88EC-49E8-9172-8F5CF715AB2E}.Debug|Win32.ActiveCfg = Debug|Win32
		{7FD884D4-88EC-49E8-9172-8F5CF715AB2E}.Debug|Win32.Build.0 = Debug|Win32
		{7FD884D4-88EC-49E8-9172-8F5CF715AB2E}.Release|Win32.ActiveCfg = Release|Win32
		{7FD884D4-88EC-49E8-9172-8F5CF715AB2E}.Release|Win32.Build.0 = Release|Win32
		{CE8F6513-9729-4B77-A0E5-04E54EEB946D}.Debug|Win32.ActiveCfg = Debug|Win32
		{CE8F6513-9729-4B77-A0E5-04E54EEB946D}.Debug|Win32.Build.0 = Debug|Win32
		{CE8F6513-9729-4B77-A0E5-04E54EEB946D}.Release|Win32.ActiveCfg = Release|Win32
		{CE8F6513-9729-4B77-A0E5-04E54EEB946D}.Release|Win32.Build.0 = Release|Win32
	EndGlobalSection
	GlobalSection(SolutionProperties) = preSolution
		HideSolutionNode = FALSE
	EndGlobalSection
EndGlobal
